
Microsoft Visual Studio Solution File, Format Version 12.00
# Visual Studio Version 16
VisualStudioVersion = 16.0.30804.86
MinimumVisualStudioVersion = 10.0.40219.1
Project("{FAE04EC0-301F-11D3-BF4B-00C04F79EFBC}") = "CIIPMaestrosERP.Web", "CIIPMaestrosERP.Web.csproj", "{C7202C0E-2776-4474-B6C2-6203A4602EE7}"
EndProject
Project("{FAE04EC0-301F-11D3-BF4B-00C04F79EFBC}") = "CIIPMaestrosERP.SQL", "CIIPMaestrosERP.SQL\CIIPMaestrosERP.SQL.csproj", "{882452E9-A1FF-4C42-95F4-5D2D046333E9}"
EndProject
Project("{FAE04EC0-301F-11D3-BF4B-00C04F79EFBC}") = "CIIPMaestrosERP.Services", "CIIPMaestrosERP.Services\CIIPMaestrosERP.Services.csproj", "{37088D01-710C-4994-AA6A-AE7F54976B8E}"
EndProject
Global
	GlobalSection(SolutionConfigurationPlatforms) = preSolution
		Debug|Any CPU = Debug|Any CPU
		Release|Any CPU = Release|Any CPU
	EndGlobalSection
	GlobalSection(ProjectConfigurationPlatforms) = postSolution
		{C7202C0E-2776-4474-B6C2-6203A4602EE7}.Debug|Any CPU.ActiveCfg = Debug|Any CPU
		{C7202C0E-2776-4474-B6C2-6203A4602EE7}.Debug|Any CPU.Build.0 = Debug|Any CPU
		{C7202C0E-2776-4474-B6C2-6203A4602EE7}.Release|Any CPU.ActiveCfg = Release|Any CPU
		{C7202C0E-2776-4474-B6C2-6203A4602EE7}.Release|Any CPU.Build.0 = Release|Any CPU
		{882452E9-A1FF-4C42-95F4-5D2D046333E9}.Debug|Any CPU.ActiveCfg = Debug|Any CPU
		{882452E9-A1FF-4C42-95F4-5D2D046333E9}.Debug|Any CPU.Build.0 = Debug|Any CPU
		{882452E9-A1FF-4C42-95F4-5D2D046333E9}.Release|Any CPU.ActiveCfg = Release|Any CPU
		{882452E9-A1FF-4C42-95F4-5D2D046333E9}.Release|Any CPU.Build.0 = Release|Any CPU
		{37088D01-710C-4994-AA6A-AE7F54976B8E}.Debug|Any CPU.ActiveCfg = Debug|Any CPU
		{37088D01-710C-4994-AA6A-AE7F54976B8E}.Debug|Any CPU.Build.0 = Debug|Any CPU
		{37088D01-710C-4994-AA6A-AE7F54976B8E}.Release|Any CPU.ActiveCfg = Release|Any CPU
		{37088D01-710C-4994-AA6A-AE7F54976B8E}.Release|Any CPU.Build.0 = Release|Any CPU
	EndGlobalSection
	GlobalSection(SolutionProperties) = preSolution
		HideSolutionNode = FALSE
	EndGlobalSection
	GlobalSection(ExtensibilityGlobals) = postSolution
		SolutionGuid = {46A8E053-2C39-4DDE-B83D-F9E07D292D35}
	EndGlobalSection
EndGlobal
